# This file is automatically @generated by Poetry 1.4.2 and should not be changed by hand.

[[package]]
name = "pypdf"
version = "4.0.0"
description = "A pure-python PDF library capable of splitting, merging, cropping, and transforming PDF files"
category = "main"
optional = false
python-versions = ">=3.6"
files = [
    {file = "pypdf-4.0.0-py3-none-any.whl", hash = "sha256:071d837f9d109c260cc70b026d3ffad3db6f905131b51f39fe74f2fa435ea003"},
    {file = "pypdf-4.0.0.tar.gz", hash = "sha256:637de66382238f3537fcf8f27fdb47e2c99dd5aa6de173a28a5b737f9a784973"},
]

[package.dependencies]
typing_extensions = {version = ">=3.7.4.3", markers = "python_version < \"3.10\""}

[package.extras]
crypto = ["PyCryptodome", "cryptography"]
dev = ["black", "flit", "pip-tools", "pre-commit (<2.18.0)", "pytest-cov", "pytest-socket", "pytest-timeout", "pytest-xdist", "wheel"]
docs = ["myst_parser", "sphinx", "sphinx_rtd_theme"]
full = ["Pillow (>=8.0.0)", "PyCryptodome", "cryptography"]
image = ["Pillow (>=8.0.0)"]

[[package]]
name = "typing-extensions"
version = "4.9.0"
description = "Backported and Experimental Type Hints for Python 3.8+"
category = "main"
optional = false
python-versions = ">=3.8"
files = [
    {file = "typing_extensions-4.9.0-py3-none-any.whl", hash = "sha256:af72aea155e91adfc61c3ae9e0e342dbc0cba726d6cba4b6c72c1f34e47291cd"},
    {file = "typing_extensions-4.9.0.tar.gz", hash = "sha256:23478f88c37f27d76ac8aee6c905017a143b0b1b886c3c9f66bc2fd94f9f5783"},
]

[metadata]
lock-version = "2.0"
python-versions = "^3.9"
content-hash = "1774c7e8c50a728abd2ddcdd5c84a5cea7af696b4504520fbb176be8e56b0bbd"
